{
  "name": "suibi",
  "version": "1.0.0",
  "lockfileVersion": 2,
  "requires": true,
  "packages": {
    "": {
      "name": "suibi",
      "version": "1.0.0",
      "license": "ISC",
      "dependencies": {
        "devby": "^0.1.0"
      }
    },
    "node_modules/devby": {
      "version": "0.1.0",
      "resolved": "https://mirrors.cloud.tencent.com/npm/devby/-/devby-0.1.0.tgz",
      "integrity": "sha512-PNxKLEk80mBiMXJpw+Ybx9cRijdiXcyicC1n4XllM7qX/iTUGfEL0SA0cxwA6yapKr6ACpDOxDLq0U/L3iY8kw==",
      "license": "MIT",
      "bin": {
        "devby": "bin/run"
      }
    }
  },
  "dependencies": {
    "devby": {
      "version": "0.1.0",
      "resolved": "https://mirrors.cloud.tencent.com/npm/devby/-/devby-0.1.0.tgz",
      "integrity": "sha512-PNxKLEk80mBiMXJpw+Ybx9cRijdiXcyicC1n4XllM7qX/iTUGfEL0SA0cxwA6yapKr6ACpDOxDLq0U/L3iY8kw=="
    }
  }
}
